
Microsoft Visual Studio Solution File, Format Version 12.00
Project("{2150E333-8FDC-42A3-9474-1A3956D46DE8}") = "src", "src", "{B9B5EBBC-8226-4B57-8865-82B37E35C409}"
EndProject
Project("{2150E333-8FDC-42A3-9474-1A3956D46DE8}") = "Services", "Services", "{C2811258-DB1C-4800-BB6A-CE66030C9A0D}"
EndProject
Project("{2150E333-8FDC-42A3-9474-1A3956D46DE8}") = "Catalog", "Catalog", "{2ED404CB-29AA-4C77-8916-AAEA26D18849}"
EndProject
Project("{FAE04EC0-301F-11D3-BF4B-00C04F79EFBC}") = "Catalog.API", "src\Services\Catalog\Catalog.API\Catalog.API.csproj", "{E53C6FED-1D5F-4EA0-A00D-7E90BDC322DF}"
EndProject
Project("{2150E333-8FDC-42A3-9474-1A3956D46DE8}") = "BuildingBlocks", "BuildingBlocks", "{36E00D3D-33F1-450E-B376-398C65532CE7}"
EndProject
Project("{FAE04EC0-301F-11D3-BF4B-00C04F79EFBC}") = "BuildingBlocks", "src\BuildingBlocks\BuildingBlocks\BuildingBlocks.csproj", "{B780A2E0-6E42-4873-A5FC-357DCC22330E}"
EndProject
Project("{2150E333-8FDC-42A3-9474-1A3956D46DE8}") = "Solution Items", "Solution Items", "{A8F85645-FA6E-4755-975C-0E9080F5231F}"
	ProjectSection(SolutionItems) = preProject
		docker-compose.yml = docker-compose.yml
	EndProjectSection
EndProject
Project("{2150E333-8FDC-42A3-9474-1A3956D46DE8}") = "Basket", "Basket", "{98389D25-443D-43C7-8E66-3D317ED5F07C}"
EndProject
Project("{FAE04EC0-301F-11D3-BF4B-00C04F79EFBC}") = "Basket.API", "src\Services\Basket\Basket.API\Basket.API.csproj", "{0A01330C-F527-41C8-A544-9223B2F3CE20}"
EndProject
Global
	GlobalSection(SolutionConfigurationPlatforms) = preSolution
		Debug|Any CPU = Debug|Any CPU
		Release|Any CPU = Release|Any CPU
	EndGlobalSection
	GlobalSection(NestedProjects) = preSolution
		{C2811258-DB1C-4800-BB6A-CE66030C9A0D} = {B9B5EBBC-8226-4B57-8865-82B37E35C409}
		{2ED404CB-29AA-4C77-8916-AAEA26D18849} = {C2811258-DB1C-4800-BB6A-CE66030C9A0D}
		{E53C6FED-1D5F-4EA0-A00D-7E90BDC322DF} = {2ED404CB-29AA-4C77-8916-AAEA26D18849}
		{36E00D3D-33F1-450E-B376-398C65532CE7} = {B9B5EBBC-8226-4B57-8865-82B37E35C409}
		{B780A2E0-6E42-4873-A5FC-357DCC22330E} = {36E00D3D-33F1-450E-B376-398C65532CE7}
		{98389D25-443D-43C7-8E66-3D317ED5F07C} = {C2811258-DB1C-4800-BB6A-CE66030C9A0D}
		{0A01330C-F527-41C8-A544-9223B2F3CE20} = {98389D25-443D-43C7-8E66-3D317ED5F07C}
	EndGlobalSection
	GlobalSection(ProjectConfigurationPlatforms) = postSolution
		{E53C6FED-1D5F-4EA0-A00D-7E90BDC322DF}.Debug|Any CPU.ActiveCfg = Debug|Any CPU
		{E53C6FED-1D5F-4EA0-A00D-7E90BDC322DF}.Debug|Any CPU.Build.0 = Debug|Any CPU
		{E53C6FED-1D5F-4EA0-A00D-7E90BDC322DF}.Release|Any CPU.ActiveCfg = Release|Any CPU
		{E53C6FED-1D5F-4EA0-A00D-7E90BDC322DF}.Release|Any CPU.Build.0 = Release|Any CPU
		{B780A2E0-6E42-4873-A5FC-357DCC22330E}.Debug|Any CPU.ActiveCfg = Debug|Any CPU
		{B780A2E0-6E42-4873-A5FC-357DCC22330E}.Debug|Any CPU.Build.0 = Debug|Any CPU
		{B780A2E0-6E42-4873-A5FC-357DCC22330E}.Release|Any CPU.ActiveCfg = Release|Any CPU
		{B780A2E0-6E42-4873-A5FC-357DCC22330E}.Release|Any CPU.Build.0 = Release|Any CPU
		{0A01330C-F527-41C8-A544-9223B2F3CE20}.Debug|Any CPU.ActiveCfg = Debug|Any CPU
		{0A01330C-F527-41C8-A544-9223B2F3CE20}.Debug|Any CPU.Build.0 = Debug|Any CPU
		{0A01330C-F527-41C8-A544-9223B2F3CE20}.Release|Any CPU.ActiveCfg = Release|Any CPU
		{0A01330C-F527-41C8-A544-9223B2F3CE20}.Release|Any CPU.Build.0 = Release|Any CPU
	EndGlobalSection
EndGlobal
